github.com/gotracker/gomixing v1.1.2 h1:ybaPf1MBtBQaAeSj40Os8EUPurDySULHA0YR7KtL0JI=
github.com/gotracker/gomixing v1.1.2/go.mod h1:KSwLWBk4HMKTVZH+zq4Db7nlDVcRegIL4uStkat0ASg=
github.com/gotracker/opl2 v1.0.1 h1:1PVNs0dXqEAQxdws7fz2WEE3nSKkMb1osTTT7KgEi5g=
github.com/gotracker/opl2 v1.0.1/go.mod h1:lW1WbZlh7svEMpurp9LLYWSyf1WPAb750cQ7xGIhCnY=
github.com/pkg/errors v0.9.1 h1:FEBLx1zS214owpjy7qsBeixbURkuhQAwrK5UwLGTwt4=
github.com/pkg/errors v0.9.1/go.mod h1:bwawxfHBFNV+L2hUp1rHADufV3IMtnDRdf1r5NINEl0=
